{
  "name": "students",
  "version": "1.0.0",
  "lockfileVersion": 1,
  "requires": true,
  "dependencies": {
    "@types/node": {
      "version": "16.11.10",
      "resolved": "https://registry.npmmirror.com/@types/node/download/@types/node-16.11.10.tgz",
      "integrity": "sha512-3aRnHa1KlOEEhJ6+CvyHKK5vE9BcLGjtUpwvqYLRvYNQKMfabu3BwfJaA/SLW8dxe28LsNDjtHwePTuzn3gmOA=="
    },
    "@types/webidl-conversions": {
      "version": "6.1.1",
      "resolved": "https://registry.npmmirror.com/@types/webidl-conversions/download/@types/webidl-conversions-6.1.1.tgz?cache=0&sync_timestamp=1637281101686&other_urls=https%3A%2F%2Fregistry.npmmirror.com%2F%40types%2Fwebidl-conversions%2Fdownload%2F%40types%2Fwebidl-conversions-6.1.1.tgz",
      "integrity": "sha1-4zvI6oEqAfY/kEgcZmM0hEsSoJ4="
    },
    "@types/whatwg-url": {
      "version": "8.2.1",
      "resolved": "https://registry.npmmirror.com/@types/whatwg-url/download/@types/whatwg-url-8.2.1.tgz?cache=0&sync_timestamp=1637281104807&other_urls=https%3A%2F%2Fregistry.npmmirror.com%2F%40types%2Fwhatwg-url%2Fdownload%2F%40types%2Fwhatwg-url-8.2.1.tgz",
      "integrity": "sha1-8arCItq3xZ4BFmOgywoxF7LvBdQ=",
      "requires": {
        "@types/node": "*",
        "@types/webidl-conversions": "*"
      }
    },
    "acorn": {
      "version": "5.7.4",
      "resolved": "https://registry.npmmirror.com/acorn/download/acorn-5.7.4.tgz?cache=0&sync_timestamp=1637225522161&other_urls=https%3A%2F%2Fregistry.npmmirror.com%2Facorn%2Fdownload%2Facorn-5.7.4.tgz",
      "integrity": "sha1-Po2KmUfQWZoXltECJddDL0pKz14="
    },
    "array-flatten": {
      "version": "3.0.0",
      "resolved": "https://registry.npmmirror.com/array-flatten/download/array-flatten-3.0.0.tgz",
      "integrity": "sha1-ZCjKLuUse4IxkuxgD6PtLxV81UE="
    },
    "art-template": {
      "version": "4.13.2",
      "resolved": "https://registry.npmmirror.com/art-template/download/art-template-4.13.2.tgz",
      "integrity": "sha1-TEy9RN4IqtAxZgJAhx9Fx9c3z8E=",
      "requires": {
        "acorn": "^5.0.3",
        "escodegen": "^1.8.1",
        "estraverse": "^4.2.0",
        "html-minifier": "^3.4.3",
        "is-keyword-js": "^1.0.3",
        "js-tokens": "^3.0.1",
        "merge-source-map": "^1.0.3",
        "source-map": "^0.5.6"
      }
    },
    "base64-js": {
      "version": "1.5.1",
      "resolved": "https://registry.npmmirror.com/base64-js/download/base64-js-1.5.1.tgz",
      "integrity": "sha1-GxtEAWClv3rUC2UPCVljSBkDkwo="
    },
    "bson": {
      "version": "4.6.0",
      "resolved": "https://registry.npmmirror.com/bson/download/bson-4.6.0.tgz",
      "integrity": "sha512-8jw1NU1hglS+Da1jDOUYuNcBJ4cNHCFIqzlwoFNnsTOg2R/ox0aTYcTiBN4dzRa9q7Cvy6XErh3L8ReTEb9AQQ==",
      "requires": {
        "buffer": "^5.6.0"
      }
    },
    "buffer": {
      "version": "5.7.1",
      "resolved": "https://registry.npmmirror.com/buffer/download/buffer-5.7.1.tgz",
      "integrity": "sha1-umLnwTEzBTWCGXFghRqPZI6Z7tA=",
      "requires": {
        "base64-js": "^1.3.1",
        "ieee754": "^1.1.13"
      }
    },
    "camel-case": {
      "version": "3.0.0",
      "resolved": "https://registry.npmmirror.com/camel-case/download/camel-case-3.0.0.tgz",
      "integrity": "sha1-yjw2iKTpzzpM2nd9xNy8cTJJz3M=",
      "requires": {
        "no-case": "^2.2.0",
        "upper-case": "^1.1.1"
      }
    },
    "clean-css": {
      "version": "4.2.4",
      "resolved": "https://registry.npmmirror.com/clean-css/download/clean-css-4.2.4.tgz?cache=0&sync_timestamp=1634992314911&other_urls=https%3A%2F%2Fregistry.npmmirror.com%2Fclean-css%2Fdownload%2Fclean-css-4.2.4.tgz",
      "integrity": "sha1-czv0brpOYHxokepXwkqYk1aDEXg=",
      "requires": {
        "source-map": "~0.6.0"
      },
      "dependencies": {
        "source-map": {
          "version": "0.6.1",
          "resolved": "https://registry.npmmirror.com/source-map/download/source-map-0.6.1.tgz",
          "integrity": "sha1-dHIq8y6WFOnCh6jQu95IteLxomM="
        }
      }
    },
    "commander": {
      "version": "2.17.1",
      "resolved": "https://registry.npmmirror.com/commander/download/commander-2.17.1.tgz?cache=0&sync_timestamp=1634886396986&other_urls=https%3A%2F%2Fregistry.npmmirror.com%2Fcommander%2Fdownload%2Fcommander-2.17.1.tgz",
      "integrity": "sha1-vXerfebelCBc6sxy8XFtKfIKd78="
    },
    "dateformat": {
      "version": "2.0.0",
      "resolved": "https://registry.npmmirror.com/dateformat/download/dateformat-2.0.0.tgz",
      "integrity": "sha1-J0Pjq7XD/CRi5SfcpEXgTp9N7hc="
    },
    "debug": {
      "version": "4.3.3",
      "resolved": "https://registry.npmmirror.com/debug/download/debug-4.3.3.tgz",
      "integrity": "sha512-/zxw5+vh1Tfv+4Qn7a5nsbcJKPaSvCDhojn6FEl9vupwK2VCSDtEiEtqr8DFtzYFOdz63LBkxec7DYuc2jon6Q==",
      "requires": {
        "ms": "2.1.2"
      }
    },
    "deep-is": {
      "version": "0.1.4",
      "resolved": "https://registry.npmmirror.com/deep-is/download/deep-is-0.1.4.tgz",
      "integrity": "sha1-pvLc5hL63S7x9Rm3NVHxfoUZmDE="
    },
    "denque": {
      "version": "2.0.1",
      "resolved": "https://registry.npmmirror.com/denque/download/denque-2.0.1.tgz",
      "integrity": "sha1-vO9MG4DcMu/pdRV0TyGkIpq4k0o="
    },
    "depd": {
      "version": "1.1.2",
      "resolved": "https://registry.npmmirror.com/depd/download/depd-1.1.2.tgz",
      "integrity": "sha1-m81S4UwJd2PnSbJ0xDRu0uVgtak="
    },
    "destroy": {
      "version": "1.0.4",
      "resolved": "https://registry.npmmirror.com/destroy/download/destroy-1.0.4.tgz",
      "integrity": "sha1-l4hXRCxEdJ5CBmE+N5RiBYJqvYA="
    },
    "ee-first": {
      "version": "1.1.1",
      "resolved": "https://registry.npmmirror.com/ee-first/download/ee-first-1.1.1.tgz",
      "integrity": "sha1-WQxhFWsK4vTwJVcyoViyZrxWsh0="
    },
    "encodeurl": {
      "version": "1.0.2",
      "resolved": "https://registry.npmmirror.com/encodeurl/download/encodeurl-1.0.2.tgz",
      "integrity": "sha1-rT/0yG7C0CkyL1oCw6mmBslbP1k="
    },
    "escape-html": {
      "version": "1.0.3",
      "resolved": "https://registry.npmmirror.com/escape-html/download/escape-html-1.0.3.tgz",
      "integrity": "sha1-Aljq5NPQwJdN4cFpGI7wBR0dGYg="
    },
    "escodegen": {
      "version": "1.14.3",
      "resolved": "https://registry.npmmirror.com/escodegen/download/escodegen-1.14.3.tgz",
      "integrity": "sha1-TnuB+6YVgdyXWC7XjKt/Do1j9QM=",
      "requires": {
        "esprima": "^4.0.1",
        "estraverse": "^4.2.0",
        "esutils": "^2.0.2",
        "optionator": "^0.8.1",
        "source-map": "~0.6.1"
      },
      "dependencies": {
        "source-map": {
          "version": "0.6.1",
          "resolved": "https://registry.npmmirror.com/source-map/download/source-map-0.6.1.tgz",
          "integrity": "sha1-dHIq8y6WFOnCh6jQu95IteLxomM=",
          "optional": true
        }
      }
    },
    "esprima": {
      "version": "4.0.1",
      "resolved": "https://registry.npmmirror.com/esprima/download/esprima-4.0.1.tgz?cache=0&sync_timestamp=1632753449816&other_urls=https%3A%2F%2Fregistry.npmmirror.com%2Fesprima%2Fdownload%2Fesprima-4.0.1.tgz",
      "integrity": "sha1-E7BM2z5sXRnfkatph6hpVhmwqnE="
    },
    "estraverse": {
      "version": "4.3.0",
      "resolved": "https://registry.npmmirror.com/estraverse/download/estraverse-4.3.0.tgz?cache=0&sync_timestamp=1635237716974&other_urls=https%3A%2F%2Fregistry.npmmirror.com%2Festraverse%2Fdownload%2Festraverse-4.3.0.tgz",
      "integrity": "sha1-OYrT88WiSUi+dyXoPRGn3ijNvR0="
    },
    "esutils": {
      "version": "2.0.3",
      "resolved": "https://registry.npmmirror.com/esutils/download/esutils-2.0.3.tgz",
      "integrity": "sha1-dNLrTeC42hKTcRkQ1Qd1ubcQ72Q="
    },
    "etag": {
      "version": "1.8.1",
      "resolved": "https://registry.npmmirror.com/etag/download/etag-1.8.1.tgz",
      "integrity": "sha1-Qa4u62XvpiJorr/qg6x9eSmbCIc="
    },
    "fast-levenshtein": {
      "version": "2.0.6",
      "resolved": "https://registry.npmmirror.com/fast-levenshtein/download/fast-levenshtein-2.0.6.tgz",
      "integrity": "sha1-PYpcZog6FqMMqGQ+hR8Zuqd5eRc="
    },
    "fresh": {
      "version": "0.5.2",
      "resolved": "https://registry.npmmirror.com/fresh/download/fresh-0.5.2.tgz",
      "integrity": "sha1-PYyt2Q2XZWn6g1qx+OSyOhBWBac="
    },
    "he": {
      "version": "1.2.0",
      "resolved": "https://registry.npmmirror.com/he/download/he-1.2.0.tgz",
      "integrity": "sha1-hK5l+n6vsWX922FWauFLrwVmTw8="
    },
    "html-minifier": {
      "version": "3.5.21",
      "resolved": "https://registry.npmmirror.com/html-minifier/download/html-minifier-3.5.21.tgz",
      "integrity": "sha1-0AQOBUcw41TbAIRjWTGUAVIS0gw=",
      "requires": {
        "camel-case": "3.0.x",
        "clean-css": "4.2.x",
        "commander": "2.17.x",
        "he": "1.2.x",
        "param-case": "2.1.x",
        "relateurl": "0.2.x",
        "uglify-js": "3.4.x"
      }
    },
    "http-errors": {
      "version": "1.7.3",
      "resolved": "https://registry.npmmirror.com/http-errors/download/http-errors-1.7.3.tgz?cache=0&sync_timestamp=1636932415803&other_urls=https%3A%2F%2Fregistry.npmmirror.com%2Fhttp-errors%2Fdownload%2Fhttp-errors-1.7.3.tgz",
      "integrity": "sha1-bGGeT5xgMIw4UZSYwU+7EKrOuwY=",
      "requires": {
        "depd": "~1.1.2",
        "inherits": "2.0.4",
        "setprototypeof": "1.1.1",
        "statuses": ">= 1.5.0 < 2",
        "toidentifier": "1.0.0"
      },
      "dependencies": {
        "setprototypeof": {
          "version": "1.1.1",
          "resolved": "https://registry.npmmirror.com/setprototypeof/download/setprototypeof-1.1.1.tgz?cache=0&sync_timestamp=1632753419375&other_urls=https%3A%2F%2Fregistry.npmmirror.com%2Fsetprototypeof%2Fdownload%2Fsetprototypeof-1.1.1.tgz",
          "integrity": "sha1-fpWsskqpL1iF4KvvW6ExMw1K5oM="
        }
      }
    },
    "ieee754": {
      "version": "1.2.1",
      "resolved": "https://registry.npmmirror.com/ieee754/download/ieee754-1.2.1.tgz",
      "integrity": "sha1-jrehCmP/8l0VpXsAFYbRd9Gw01I="
    },
    "inherits": {
      "version": "2.0.4",
      "resolved": "https://registry.npmmirror.com/inherits/download/inherits-2.0.4.tgz",
      "integrity": "sha1-D6LGT5MpF8NDOg3tVTY6rjdBa3w="
    },
    "is-keyword-js": {
      "version": "1.0.3",
      "resolved": "https://registry.npmmirror.com/is-keyword-js/download/is-keyword-js-1.0.3.tgz",
      "integrity": "sha1-rDDc81tnH0snsX9ctXI1EmAhEy0="
    },
    "js-tokens": {
      "version": "3.0.2",
      "resolved": "https://registry.npmmirror.com/js-tokens/download/js-tokens-3.0.2.tgz",
      "integrity": "sha1-mGbfOVECEw449/mWvOtlRDIJwls="
    },
    "kareem": {
      "version": "2.3.2",
      "resolved": "https://registry.npmmirror.com/kareem/download/kareem-2.3.2.tgz",
      "integrity": "sha1-eMRQiJSYW404oNwV4ajhEHjyypM="
    },
    "levn": {
      "version": "0.3.0",
      "resolved": "https://registry.npmmirror.com/levn/download/levn-0.3.0.tgz",
      "integrity": "sha1-OwmSTt+fCDwEkP3UwLxEIeBHZO4=",
      "requires": {
        "prelude-ls": "~1.1.2",
        "type-check": "~0.3.2"
      }
    },
    "lower-case": {
      "version": "1.1.4",
      "resolved": "https://registry.npmmirror.com/lower-case/download/lower-case-1.1.4.tgz",
      "integrity": "sha1-miyr0bno4K6ZOkv31YdcOcQujqw="
    },
    "memory-pager": {
      "version": "1.5.0",
      "resolved": "https://registry.npmmirror.com/memory-pager/download/memory-pager-1.5.0.tgz",
      "integrity": "sha1-2HUWVdItOEaCdByXLyw9bfo+ZrU=",
      "optional": true
    },
    "merge-source-map": {
      "version": "1.1.0",
      "resolved": "https://registry.npmmirror.com/merge-source-map/download/merge-source-map-1.1.0.tgz",
      "integrity": "sha1-L93n5gIJOfcJBqaPLXrmheTIxkY=",
      "requires": {
        "source-map": "^0.6.1"
      },
      "dependencies": {
        "source-map": {
          "version": "0.6.1",
          "resolved": "https://registry.npmmirror.com/source-map/download/source-map-0.6.1.tgz",
          "integrity": "sha1-dHIq8y6WFOnCh6jQu95IteLxomM="
        }
      }
    },
    "methods": {
      "version": "1.1.2",
      "resolved": "https://registry.npmmirror.com/methods/download/methods-1.1.2.tgz",
      "integrity": "sha1-VSmk1nZUE07cxSZmVoNbD4Ua/O4="
    },
    "mime": {
      "version": "1.6.0",
      "resolved": "https://registry.npmmirror.com/mime/download/mime-1.6.0.tgz",
      "integrity": "sha1-Ms2eXGRVO9WNGaVor0Uqz/BJgbE="
    },
    "mongodb": {
      "version": "4.1.4",
      "resolved": "https://registry.npmmirror.com/mongodb/download/mongodb-4.1.4.tgz",
      "integrity": "sha1-uoBix8Z+eiLbWgWdusHjBEtIRTs=",
      "requires": {
        "bson": "^4.5.4",
        "denque": "^2.0.1",
        "mongodb-connection-string-url": "^2.1.0",
        "saslprep": "^1.0.3"
      }
    },
    "mongodb-connection-string-url": {
      "version": "2.2.0",
      "resolved": "https://registry.npmmirror.com/mongodb-connection-string-url/download/mongodb-connection-string-url-2.2.0.tgz?cache=0&sync_timestamp=1636992362511&other_urls=https%3A%2F%2Fregistry.npmmirror.com%2Fmongodb-connection-string-url%2Fdownload%2Fmongodb-connection-string-url-2.2.0.tgz",
      "integrity": "sha512-U0cDxLUrQrl7DZA828CA+o69EuWPWEJTwdMPozyd7cy/dbtncUZczMw7wRHcwMD7oKOn0NM2tF9jdf5FFVW9CA==",
      "requires": {
        "@types/whatwg-url": "^8.2.1",
        "whatwg-url": "^11.0.0"
      }
    },
    "mongoose": {
      "version": "6.0.13",
      "resolved": "https://registry.npmmirror.com/mongoose/download/mongoose-6.0.13.tgz",
      "integrity": "sha512-/M/YKgx23fCX+j0lwObaHbCibXnMjyWeQrXZf0WaQeS/hL86wQVSmaOxh+kZXfyLOUr+vT2Hl44o50GZHUrKWw==",
      "requires": {
        "bson": "^4.2.2",
        "kareem": "2.3.2",
        "mongodb": "4.1.4",
        "mpath": "0.8.4",
        "mquery": "4.0.0",
        "ms": "2.1.2",
        "regexp-clone": "1.0.0",
        "sift": "13.5.2",
        "sliced": "1.0.1"
      }
    },
    "mpath": {
      "version": "0.8.4",
      "resolved": "https://registry.npmmirror.com/mpath/download/mpath-0.8.4.tgz",
      "integrity": "sha1-a1ZtlYFiHZ6THdOxQu02GOdZkxM="
    },
    "mquery": {
      "version": "4.0.0",
      "resolved": "https://registry.npmmirror.com/mquery/download/mquery-4.0.0.tgz",
      "integrity": "sha1-bGIWCtJSiemeCECQd1fN/WK953U=",
      "requires": {
        "debug": "4.x",
        "regexp-clone": "^1.0.0",
        "sliced": "1.0.1"
      }
    },
    "ms": {
      "version": "2.1.2",
      "resolved": "https://registry.npmmirror.com/ms/download/ms-2.1.2.tgz?cache=0&sync_timestamp=1632788458271&other_urls=https%3A%2F%2Fregistry.npmmirror.com%2Fms%2Fdownload%2Fms-2.1.2.tgz",
      "integrity": "sha1-0J0fNXtEP0kzgqjrPM0YOHKuYAk="
    },
    "no-case": {
      "version": "2.3.2",
      "resolved": "https://registry.npmmirror.com/no-case/download/no-case-2.3.2.tgz",
      "integrity": "sha1-YLgTOWvjmz8SiKTB7V0efSi0ZKw=",
      "requires": {
        "lower-case": "^1.1.1"
      }
    },
    "on-finished": {
      "version": "2.3.0",
      "resolved": "https://registry.npmmirror.com/on-finished/download/on-finished-2.3.0.tgz",
      "integrity": "sha1-IPEzZIGwg811M3mSoWlxqi2QaUc=",
      "requires": {
        "ee-first": "1.1.1"
      }
    },
    "optionator": {
      "version": "0.8.3",
      "resolved": "https://registry.npmmirror.com/optionator/download/optionator-0.8.3.tgz",
      "integrity": "sha1-hPodA2/p08fiHZmIS2ARZ+yPtJU=",
      "requires": {
        "deep-is": "~0.1.3",
        "fast-levenshtein": "~2.0.6",
        "levn": "~0.3.0",
        "prelude-ls": "~1.1.2",
        "type-check": "~0.3.2",
        "word-wrap": "~1.2.3"
      }
    },
    "param-case": {
      "version": "2.1.1",
      "resolved": "https://registry.npmmirror.com/param-case/download/param-case-2.1.1.tgz",
      "integrity": "sha1-35T9jPZTHs915r75oIWPvHK+Ikc=",
      "requires": {
        "no-case": "^2.2.0"
      }
    },
    "parseurl": {
      "version": "1.3.3",
      "resolved": "https://registry.npmmirror.com/parseurl/download/parseurl-1.3.3.tgz",
      "integrity": "sha1-naGee+6NEt/wUT7Vt2lXeTvC6NQ="
    },
    "path-to-regexp": {
      "version": "0.1.7",
      "resolved": "https://registry.npmmirror.com/path-to-regexp/download/path-to-regexp-0.1.7.tgz",
      "integrity": "sha1-32BBeABfUi8V60SQ5yR6G/qmf4w="
    },
    "prelude-ls": {
      "version": "1.1.2",
      "resolved": "https://registry.npmmirror.com/prelude-ls/download/prelude-ls-1.1.2.tgz",
      "integrity": "sha1-IZMqVJ9eUv/ZqCf1cOBL5iqX2lQ="
    },
    "punycode": {
      "version": "2.1.1",
      "resolved": "https://registry.npmmirror.com/punycode/download/punycode-2.1.1.tgz",
      "integrity": "sha1-tYsBCsQMIsVldhbI0sLALHv0eew="
    },
    "range-parser": {
      "version": "1.2.1",
      "resolved": "https://registry.npmmirror.com/range-parser/download/range-parser-1.2.1.tgz",
      "integrity": "sha1-PPNwI9GZ4cJNGlW4SADC8+ZGgDE="
    },
    "regexp-clone": {
      "version": "1.0.0",
      "resolved": "https://registry.npmmirror.com/regexp-clone/download/regexp-clone-1.0.0.tgz",
      "integrity": "sha1-Ii25Z2IydwViYLmSYmNUoEzpv2M="
    },
    "relateurl": {
      "version": "0.2.7",
      "resolved": "https://registry.npmmirror.com/relateurl/download/relateurl-0.2.7.tgz",
      "integrity": "sha1-VNvzd+UUQKypCkzSdGANP/LYiKk="
    },
    "router": {
      "version": "1.3.6",
      "resolved": "https://registry.npmmirror.com/router/download/router-1.3.6.tgz",
      "integrity": "sha512-gsjhou+LFApzkIP8VDrouG6Z4pqkeF11n3o5orlwPPvPTl0x7c+dbF71itKOhDoFHygmc3N3uqm55Uq/gIDUwg==",
      "requires": {
        "array-flatten": "3.0.0",
        "debug": "2.6.9",
        "methods": "~1.1.2",
        "parseurl": "~1.3.3",
        "path-to-regexp": "0.1.7",
        "setprototypeof": "1.2.0",
        "utils-merge": "1.0.1"
      },
      "dependencies": {
        "debug": {
          "version": "2.6.9",
          "resolved": "https://registry.npmmirror.com/debug/download/debug-2.6.9.tgz",
          "integrity": "sha1-XRKFFd8TT/Mn6QpMk/Tgd6U2NB8=",
          "requires": {
            "ms": "2.0.0"
          }
        },
        "ms": {
          "version": "2.0.0",
          "resolved": "https://registry.npmmirror.com/ms/download/ms-2.0.0.tgz?cache=0&sync_timestamp=1632788458271&other_urls=https%3A%2F%2Fregistry.npmmirror.com%2Fms%2Fdownload%2Fms-2.0.0.tgz",
          "integrity": "sha1-VgiurfwAvmwpAd9fmGF4jeDVl8g="
        }
      }
    },
    "saslprep": {
      "version": "1.0.3",
      "resolved": "https://registry.npmmirror.com/saslprep/download/saslprep-1.0.3.tgz",
      "integrity": "sha1-TAL5RrVs9UKX40e6EJPnrKxM8iY=",
      "optional": true,
      "requires": {
        "sparse-bitfield": "^3.0.3"
      }
    },
    "send": {
      "version": "0.17.1",
      "resolved": "https://registry.npmmirror.com/send/download/send-0.17.1.tgz?cache=0&sync_timestamp=1632753416782&other_urls=https%3A%2F%2Fregistry.npmmirror.com%2Fsend%2Fdownload%2Fsend-0.17.1.tgz",
      "integrity": "sha1-wdiwWfeQD3Rm3Uk4vcROEd2zdsg=",
      "requires": {
        "debug": "2.6.9",
        "depd": "~1.1.2",
        "destroy": "~1.0.4",
        "encodeurl": "~1.0.2",
        "escape-html": "~1.0.3",
        "etag": "~1.8.1",
        "fresh": "0.5.2",
        "http-errors": "~1.7.2",
        "mime": "1.6.0",
        "ms": "2.1.1",
        "on-finished": "~2.3.0",
        "range-parser": "~1.2.1",
        "statuses": "~1.5.0"
      },
      "dependencies": {
        "debug": {
          "version": "2.6.9",
          "resolved": "https://registry.npmmirror.com/debug/download/debug-2.6.9.tgz",
          "integrity": "sha1-XRKFFd8TT/Mn6QpMk/Tgd6U2NB8=",
          "requires": {
            "ms": "2.0.0"
          },
          "dependencies": {
            "ms": {
              "version": "2.0.0",
              "resolved": "https://registry.npmmirror.com/ms/download/ms-2.0.0.tgz?cache=0&sync_timestamp=1632788458271&other_urls=https%3A%2F%2Fregistry.npmmirror.com%2Fms%2Fdownload%2Fms-2.0.0.tgz",
              "integrity": "sha1-VgiurfwAvmwpAd9fmGF4jeDVl8g="
            }
          }
        },
        "ms": {
          "version": "2.1.1",
          "resolved": "https://registry.npmmirror.com/ms/download/ms-2.1.1.tgz?cache=0&sync_timestamp=1632788458271&other_urls=https%3A%2F%2Fregistry.npmmirror.com%2Fms%2Fdownload%2Fms-2.1.1.tgz",
          "integrity": "sha1-MKWGTrPrsKZvLr5tcnrwagnYbgo="
        }
      }
    },
    "serve-static": {
      "version": "1.14.1",
      "resolved": "https://registry.npmmirror.com/serve-static/download/serve-static-1.14.1.tgz",
      "integrity": "sha1-Zm5jbcTwEPfvKZcKiKZ0MgiYsvk=",
      "requires": {
        "encodeurl": "~1.0.2",
        "escape-html": "~1.0.3",
        "parseurl": "~1.3.3",
        "send": "0.17.1"
      }
    },
    "setprototypeof": {
      "version": "1.2.0",
      "resolved": "https://registry.npmmirror.com/setprototypeof/download/setprototypeof-1.2.0.tgz?cache=0&sync_timestamp=1632753419375&other_urls=https%3A%2F%2Fregistry.npmmirror.com%2Fsetprototypeof%2Fdownload%2Fsetprototypeof-1.2.0.tgz",
      "integrity": "sha1-ZsmiSnP5/CjL5msJ/tPTPcrxtCQ="
    },
    "sift": {
      "version": "13.5.2",
      "resolved": "https://registry.npmmirror.com/sift/download/sift-13.5.2.tgz",
      "integrity": "sha1-JKcV4TxhewhhZs0EkX0gSlkcnaY="
    },
    "sliced": {
      "version": "1.0.1",
      "resolved": "https://registry.npmmirror.com/sliced/download/sliced-1.0.1.tgz",
      "integrity": "sha1-CzpmK10Ewxd7GSa+qCsD+Dei70E="
    },
    "source-map": {
      "version": "0.5.7",
      "resolved": "https://registry.npmmirror.com/source-map/download/source-map-0.5.7.tgz",
      "integrity": "sha1-igOdLRAh0i0eoUyA2OpGi6LvP8w="
    },
    "sparse-bitfield": {
      "version": "3.0.3",
      "resolved": "https://registry.npmmirror.com/sparse-bitfield/download/sparse-bitfield-3.0.3.tgz",
      "integrity": "sha1-/0rm5oZWBWuks+eSqzM004JzyhE=",
      "optional": true,
      "requires": {
        "memory-pager": "^1.0.2"
      }
    },
    "statuses": {
      "version": "1.5.0",
      "resolved": "https://registry.npmmirror.com/statuses/download/statuses-1.5.0.tgz?cache=0&sync_timestamp=1632753441869&other_urls=https%3A%2F%2Fregistry.npmmirror.com%2Fstatuses%2Fdownload%2Fstatuses-1.5.0.tgz",
      "integrity": "sha1-Fhx9rBd2Wf2YEfQ3cfqZOBR4Yow="
    },
    "toidentifier": {
      "version": "1.0.0",
      "resolved": "https://registry.npmmirror.com/toidentifier/download/toidentifier-1.0.0.tgz?cache=0&sync_timestamp=1636938642560&other_urls=https%3A%2F%2Fregistry.npmmirror.com%2Ftoidentifier%2Fdownload%2Ftoidentifier-1.0.0.tgz",
      "integrity": "sha1-fhvjRw8ed5SLxD2Uo8j013UrpVM="
    },
    "tr46": {
      "version": "3.0.0",
      "resolved": "https://registry.npmmirror.com/tr46/download/tr46-3.0.0.tgz?cache=0&sync_timestamp=1633303287861&other_urls=https%3A%2F%2Fregistry.npmmirror.com%2Ftr46%2Fdownload%2Ftr46-3.0.0.tgz",
      "integrity": "sha1-VVxOKXqVBhfo7t3vYzyH1NnWy/k=",
      "requires": {
        "punycode": "^2.1.1"
      }
    },
    "type-check": {
      "version": "0.3.2",
      "resolved": "https://registry.npmmirror.com/type-check/download/type-check-0.3.2.tgz",
      "integrity": "sha1-WITKtRLPHTVeP7eE8wgEsrUg23I=",
      "requires": {
        "prelude-ls": "~1.1.2"
      }
    },
    "uglify-js": {
      "version": "3.4.10",
      "resolved": "https://registry.npmmirror.com/uglify-js/download/uglify-js-3.4.10.tgz",
      "integrity": "sha1-mtlWPY6zrN+404WX0q8dgV9qdV8=",
      "requires": {
        "commander": "~2.19.0",
        "source-map": "~0.6.1"
      },
      "dependencies": {
        "commander": {
          "version": "2.19.0",
          "resolved": "https://registry.npmmirror.com/commander/download/commander-2.19.0.tgz?cache=0&sync_timestamp=1634886396986&other_urls=https%3A%2F%2Fregistry.npmmirror.com%2Fcommander%2Fdownload%2Fcommander-2.19.0.tgz",
          "integrity": "sha1-9hmKqE5bg8RgVLlN3tv+1e6f8So="
        },
        "source-map": {
          "version": "0.6.1",
          "resolved": "https://registry.npmmirror.com/source-map/download/source-map-0.6.1.tgz",
          "integrity": "sha1-dHIq8y6WFOnCh6jQu95IteLxomM="
        }
      }
    },
    "upper-case": {
      "version": "1.1.3",
      "resolved": "https://registry.npmmirror.com/upper-case/download/upper-case-1.1.3.tgz?cache=0&sync_timestamp=1632753492116&other_urls=https%3A%2F%2Fregistry.npmmirror.com%2Fupper-case%2Fdownload%2Fupper-case-1.1.3.tgz",
      "integrity": "sha1-9rRQHC7EzdJrp4vnIilh3ndiFZg="
    },
    "utils-merge": {
      "version": "1.0.1",
      "resolved": "https://registry.npmmirror.com/utils-merge/download/utils-merge-1.0.1.tgz?cache=0&sync_timestamp=1632753497419&other_urls=https%3A%2F%2Fregistry.npmmirror.com%2Futils-merge%2Fdownload%2Futils-merge-1.0.1.tgz",
      "integrity": "sha1-n5VxD1CiZ5R7LMwSR0HBAoQn5xM="
    },
    "webidl-conversions": {
      "version": "7.0.0",
      "resolved": "https://registry.npmmirror.com/webidl-conversions/download/webidl-conversions-7.0.0.tgz?cache=0&sync_timestamp=1632753508689&other_urls=https%3A%2F%2Fregistry.npmmirror.com%2Fwebidl-conversions%2Fdownload%2Fwebidl-conversions-7.0.0.tgz",
      "integrity": "sha1-JWtOGIK+feu/AdBfCqIDl3jqCAo="
    },
    "whatwg-url": {
      "version": "11.0.0",
      "resolved": "https://registry.npmmirror.com/whatwg-url/download/whatwg-url-11.0.0.tgz",
      "integrity": "sha1-CoSe67X68hGbkBu3b9eVwoSNQBg=",
      "requires": {
        "tr46": "^3.0.0",
        "webidl-conversions": "^7.0.0"
      }
    },
    "word-wrap": {
      "version": "1.2.3",
      "resolved": "https://registry.npmmirror.com/word-wrap/download/word-wrap-1.2.3.tgz",
      "integrity": "sha1-YQY29rH3A4kb00dxzLF/uTtHB5w="
    }
  }
}
